
Microsoft Visual Studio Solution File, Format Version 12.00
# Visual Studio Version 17
VisualStudioVersion = 17.0.32126.317
MinimumVisualStudioVersion = 10.0.40219.1
Project("{FAE04EC0-301F-11D3-BF4B-00C04F79EFBC}") = "BoxRayTracer", "BoxRayTracer\BoxRayTracer.csproj", "{CE0D269A-5839-4D94-B88F-93A59FAB5C3F}"
EndProject
Project("{FAE04EC0-301F-11D3-BF4B-00C04F79EFBC}") = "Scene", "Scene\Scene.csproj", "{C468DE25-135F-4712-936C-305F58A86608}"
EndProject
Global
	GlobalSection(SolutionConfigurationPlatforms) = preSolution
		Debug|Any CPU = Debug|Any CPU
		Release|Any CPU = Release|Any CPU
	EndGlobalSection
	GlobalSection(ProjectConfigurationPlatforms) = postSolution
		{CE0D269A-5839-4D94-B88F-93A59FAB5C3F}.Debug|Any CPU.ActiveCfg = Debug|Any CPU
		{CE0D269A-5839-4D94-B88F-93A59FAB5C3F}.Debug|Any CPU.Build.0 = Debug|Any CPU
		{CE0D269A-5839-4D94-B88F-93A59FAB5C3F}.Release|Any CPU.ActiveCfg = Release|Any CPU
		{CE0D269A-5839-4D94-B88F-93A59FAB5C3F}.Release|Any CPU.Build.0 = Release|Any CPU
		{C468DE25-135F-4712-936C-305F58A86608}.Debug|Any CPU.ActiveCfg = Debug|Any CPU
		{C468DE25-135F-4712-936C-305F58A86608}.Debug|Any CPU.Build.0 = Debug|Any CPU
		{C468DE25-135F-4712-936C-305F58A86608}.Release|Any CPU.ActiveCfg = Release|Any CPU
		{C468DE25-135F-4712-936C-305F58A86608}.Release|Any CPU.Build.0 = Release|Any CPU
	EndGlobalSection
	GlobalSection(SolutionProperties) = preSolution
		HideSolutionNode = FALSE
	EndGlobalSection
	GlobalSection(ExtensibilityGlobals) = postSolution
		SolutionGuid = {F026058A-A992-4308-ABB9-8EBE92FD5E16}
	EndGlobalSection
EndGlobal
